# This file is automatically @generated by Cargo.
# It is not intended for manual editing.
version = 3

[[package]]
name = "acep-5in65-7c"
version = "0.1.0"
dependencies = [
 "embedded-hal",
 "pm-core",
]

[[package]]
name = "embedded-hal"
version = "1.0.0"
source = "registry+https://github.com/rust-lang/crates.io-index"
checksum = "361a90feb7004eca4019fb28352a9465666b24f840f5c3cddf0ff13920590b89"

[[package]]
name = "gpx"
version = "0.1.0"
dependencies = [
 "pm-core",
 "pm-gui",
 "pm-parser",
]

[[package]]
name = "lsm303"
version = "0.1.0"
dependencies = [
 "embedded-hal",
 "pm-core",
]

[[package]]
name = "nmea"
version = "0.1.0"
dependencies = [
 "pm-core",
]

[[package]]
name = "pm-core"
version = "0.1.0"

[[package]]
name = "pm-font"
version = "0.1.0"
dependencies = [
 "pm-core",
]

[[package]]
name = "pm-gui"
version = "0.1.0"
dependencies = [
 "pm-core",
 "pm-font",
]

[[package]]
name = "pm-icons"
version = "0.1.0"

[[package]]
name = "pm-parser"
version = "0.1.0"
dependencies = [
 "pm-core",
]

[[package]]
name = "pm-qr"
version = "0.1.0"
dependencies = [
 "pm-core",
]
